# This lock file was generated by conda-lock (https://github.com/conda/conda-lock). DO NOT EDIT!
#
# A "lock file" contains a concrete list of package versions (with checksums) to be installed. Unlike
# e.g. `conda env create`, the resulting environment will not change as new package versions become
# available, unless you explicitly update the lock file.
#
# Install this environment as "YOURENV" with:
#     conda-lock install -n YOURENV homology.conda-lock.yml
# To update a single package to the latest version compatible with the version constraints in the source:
#     conda-lock lock  --lockfile homology.conda-lock.yml --update PACKAGE
# To re-solve the entire environment, e.g. after changing a version constraint in the source file:
#     conda-lock -f homology.yml --lockfile homology.conda-lock.yml
version: 1
metadata:
  content_hash:
    linux-64: a27651d57908761c0685d5bb96540280a91a497fb6ee4217935ebd4ae04bdeac
  channels:
  - url: conda-forge
    used_env_vars: []
  - url: bioconda
    used_env_vars: []
  platforms:
  - linux-64
  sources:
  - homology.yml
package:
- name: _openmp_mutex
  version: '4.5'
  manager: conda
  platform: linux-64
  dependencies:
    __glibc: '>=2.17,<3.0.a0'
    libgomp: '>=7.5.0'
  url: https://conda.anaconda.org/conda-forge/linux-64/_openmp_mutex-4.5-20_gnu.conda
  hash:
    md5: a9f577daf3de00bca7c3c76c0ecbd1de
    sha256: 1dd3fffd892081df9726d7eb7e0dea6198962ba775bd88842135a4ddb4deb3c9
  category: main
  optional: false
- name: biopython
  version: '1.87'
  manager: conda
  platform: linux-64
  dependencies:
    __glibc: '>=2.17,<3.0.a0'
    libgcc: '>=14'
    numpy: ''
    python: '>=3.12,<3.13.0a0'
    python_abi: 3.12.*
  url: https://conda.anaconda.org/conda-forge/linux-64/biopython-1.87-py312h4c3975b_0.conda
  hash:
    md5: 2eb5b71dfcfb2a316d0307eb696bf11e
    sha256: 8439485bab2f8ae5af4069b624d76186939c5218d3fdf33c49fc67a48605ccc5
  category: main
  optional: false
- name: blast
  version: 2.17.0
  manager: conda
  platform: linux-64
  dependencies:
    bzip2: '>=1.0.8,<2.0a0'
    curl: ''
    entrez-direct: '>=24.0,<25.0a0'
    libgcc: '>=13'
    libsqlite: '>=3.50.4,<4.0a0'
    libstdcxx: '>=13'
    libzlib: '>=1.3.1,<2.0a0'
    ncbi-vdb: '>=3.2.1,<4.0a0'
    perl: ''
    perl-archive-tar: ''
    perl-json: ''
    perl-list-moreutils: ''
    zlib: ''
  url: https://conda.anaconda.org/bioconda/linux-64/blast-2.17.0-h66d330f_0.conda
  hash:
    md5: 405ce6d52eba06fcd48197ae1eb8f5a9
    sha256: 53a319c984d8aafcf7f2d7d4c21ad2590e1bacd674443e09d79ac19694ccf99a
  category: main
  optional: false
- name: bzip2
  version: 1.0.8
  manager: conda
  platform: linux-64
  dependencies:
    __glibc: '>=2.17,<3.0.a0'
    libgcc: '>=14'
  url: https://conda.anaconda.org/conda-forge/linux-64/bzip2-1.0.8-hda65f42_9.conda
  hash:
    md5: d2ffd7602c02f2b316fd921d39876885
    sha256: 0b75d45f0bba3e95dc693336fa51f40ea28c980131fec438afb7ce6118ed05f6
  category: main
  optional: false
- name: c-ares
  version: 1.34.8
  manager: conda
  platform: linux-64
  dependencies:
    __glibc: '>=2.17,<3.0.a0'
    libgcc: '>=14'
  url: https://conda.anaconda.org/conda-forge/linux-64/c-ares-1.34.8-hb03c661_0.conda
  hash:
    md5: 6130ad6705adc993b5d8482b7f66e01f
    sha256: dee93a82d045f9aa8277829aa465224afa3c7a6ac18388de66099b2be7f705e7
  category: main
  optional: false
- name: ca-certificates
  version: 2026.7.22
  manager: conda
  platform: linux-64
  dependencies:
    __unix: ''
  url: https://conda.anaconda.org/conda-forge/noarch/ca-certificates-2026.7.22-hbd8a1cb_0.conda
  hash:
    md5: 0f51e2391ade309db462a55611263e9c
    sha256: 0a0544cf95f64394fe4959286f5c71f5444ad58feb0602e53becb27448d24da6
  category: main
  optional: false
- name: curl
  version: 8.21.0
  manager: conda
  platform: linux-64
  dependencies:
    __glibc: '>=2.17,<3.0.a0'
    krb5: '>=1.22.2,<1.23.0a0'
    libcurl: 8.21.0
    libgcc: '>=14'
    libpsl: '>=0.22.0,<0.23.0a0'
    libssh2: '>=1.11.1,<2.0a0'
    libzlib: '>=1.3.2,<2.0a0'
    openssl: '>=3.5.7,<4.0a0'
    zstd: '>=1.5.7,<1.6.0a0'
  url: https://conda.anaconda.org/conda-forge/linux-64/curl-8.21.0-hae6b9f4_2.conda
  hash:
    md5: d09779693563f4a1a0bdb0f715ba2bf0
    sha256: ae0b83efb7545ea40845253b76bbfeb12349bd32001728b8f58d726cd532d467
  category: main
  optional: false
- name: entrez-direct
  version: '24.0'
  manager: conda
  platform: linux-64
  dependencies:
    wget: ''
  url: https://conda.anaconda.org/bioconda/linux-64/entrez-direct-24.0-he881be0_0.tar.bz2
  hash:
    md5: 52a3fabee9201c2c6093c13b4eaf29b4
    sha256: 71a8f349659c9c18efa544663de2db1a20b5e3d32f8e4e88cd33110a0caf4eb3
  category: main
  optional: false
- name: gsl
  version: '2.7'
  manager: conda
  platform: linux-64
  dependencies:
    libblas: '>=3.8.0,<4.0a0'
    libcblas: '>=3.8.0,<4.0a0'
    libgcc-ng: '>=9.3.0'
  url: https://conda.anaconda.org/conda-forge/linux-64/gsl-2.7-he838d99_0.tar.bz2
  hash:
    md5: fec079ba39c9cca093bf4c00001825de
    sha256: 132a918b676dd1f533d7c6f95e567abf7081a6ea3251c3280de35ef600e0da87
  category: main
  optional: false
- name: hmmer
  version: '3.4'
  manager: conda
  platform: linux-64
  dependencies:
    gsl: '>=2.7,<2.8.0a0'
    libgcc: '>=13'
    openmpi: '>=4.1.6,<5.0a0'
  url: https://conda.anaconda.org/bioconda/linux-64/hmmer-3.4-hb6cb901_4.tar.bz2
  hash:
    md5: 689f962720e131fe4849e2909181120a
    sha256: 604f55ee1f16a9f3c2d07f90eeb4331f5b9c1dca8ed1b70e0fea3bf81b140310
  category: main
  optional: false
- name: icu
  version: '78.3'
  manager: conda
  platform: linux-64
  dependencies:
    __glibc: '>=2.17,<3.0.a0'
    libgcc: '>=14'
    libstdcxx: '>=14'
  url: https://conda.anaconda.org/conda-forge/linux-64/icu-78.3-h33c6efd_1.conda
  hash:
    md5: 3c7763347873f07adfd87e8001b5b1d1
    sha256: c054e32ac4c14426006edf9d01981dc564559b4065af7c13c26be904e1babf04
  category: main
  optional: false
- name: keyutils
  version: 1.6.3
  manager: conda
  platform: linux-64
  dependencies:
    __glibc: '>=2.17,<3.0.a0'
    libgcc: '>=13'
  url: https://conda.anaconda.org/conda-forge/linux-64/keyutils-1.6.3-hb9d3cd8_0.conda
  hash:
    md5: b38117a3c920364aff79f870c984b4a3
    sha256: 0960d06048a7185d3542d850986d807c6e37ca2e644342dd0c72feefcf26c2a4
  category: main
  optional: false
- name: krb5
  version: 1.22.2
  manager: conda
  platform: linux-64
  dependencies:
    __glibc: '>=2.17,<3.0.a0'
    keyutils: '>=1.6.3,<2.0a0'
    libedit: '>=3.1.20250104,<3.2.0a0,>=3.1.20250104,<4.0a0'
    libgcc: '>=14'
    libstdcxx: '>=14'
    openssl: '>=3.5.7,<4.0a0'
  url: https://conda.anaconda.org/conda-forge/linux-64/krb5-1.22.2-hbde042b_1.conda
  hash:
    md5: 54157a1c8c0bb70f62dd0b17fba7e7f2
    sha256: 9b07046870772f28740e3f6149f09ff222843733087a33c5540b169c6289652d
  category: main
  optional: false
- name: ld_impl_linux-64
  version: 2.46.1
  manager: conda
  platform: linux-64
  dependencies:
    __glibc: '>=2.17,<3.0.a0'
    zstd: '>=1.5.7,<1.6.0a0'
  url: https://conda.anaconda.org/conda-forge/linux-64/ld_impl_linux-64-2.46.1-default_hbd61a6d_102.conda
  hash:
    md5: 449500f2c089da11c40f5c21312e3e07
    sha256: 27d83f1188cd19bcb7754a078b3fa7f4cfb8527f8eb2fde54dd01fc529d1adec
  category: main
  optional: false
- name: libblas
  version: 3.11.0
  manager: conda
  platform: linux-64
  dependencies:
    libopenblas: '>=0.3.33,<0.3.34.0a0,>=0.3.33,<1.0a0'
  url: https://conda.anaconda.org/conda-forge/linux-64/libblas-3.11.0-8_h4a7cf45_openblas.conda
  hash:
    md5: 00fc660ab1b2f5ca07e92b4900d10c79
    sha256: b2da6bfd72a1c9cb143ccf64bf5b28790cb4eb58bd1cb978f6537b2322f7d48b
  category: main
  optional: false
- name: libcblas
  version: 3.11.0
  manager: conda
  platform: linux-64
  dependencies:
    libblas: 3.11.0
  url: https://conda.anaconda.org/conda-forge/linux-64/libcblas-3.11.0-8_h0358290_openblas.conda
  hash:
    md5: 33a413f1095f8325e5c30fde3b0d2445
    sha256: 1a2bc77bb26520255904a3d9b1f40e6bf0bf9d8d3405c7709dd162282820915a
  category: main
  optional: false
- name: libcurl
  version: 8.21.0
  manager: conda
  platform: linux-64
  dependencies:
    __glibc: '>=2.17,<3.0.a0'
    krb5: '>=1.22.2,<1.23.0a0'
    libgcc: '>=14'
    libnghttp2: '>=1.68.1,<2.0a0'
    libpsl: '>=0.22.0,<0.23.0a0'
    libssh2: '>=1.11.1,<2.0a0'
    libzlib: '>=1.3.2,<2.0a0'
    openssl: '>=3.5.7,<4.0a0'
    zstd: '>=1.5.7,<1.6.0a0'
  url: https://conda.anaconda.org/conda-forge/linux-64/libcurl-8.21.0-hae6b9f4_2.conda
  hash:
    md5: f9c59d277a16ec8f272b2d5dd2ec3335
    sha256: ba8354084b34fce56d5697982fce4a384c148e972e15c0ab891187617fe7ec29
  category: main
  optional: false
- name: libedit
  version: 3.1.20250104
  manager: conda
  platform: linux-64
  dependencies:
    __glibc: '>=2.17,<3.0.a0'
    libgcc: '>=13'
    ncurses: '>=6.5,<7.0a0'
  url: https://conda.anaconda.org/conda-forge/linux-64/libedit-3.1.20250104-pl5321h7949ede_0.conda
  hash:
    md5: c277e0a4d549b03ac1e9d6cbbe3d017b
    sha256: d789471216e7aba3c184cd054ed61ce3f6dac6f87a50ec69291b9297f8c18724
  category: main
  optional: false
- name: libev
  version: '4.33'
  manager: conda
  platform: linux-64
  dependencies:
    libgcc-ng: '>=12'
  url: https://conda.anaconda.org/conda-forge/linux-64/libev-4.33-hd590300_2.conda
  hash:
    md5: 172bf1cd1ff8629f2b1179945ed45055
    sha256: 1cd6048169fa0395af74ed5d8f1716e22c19a81a8a36f934c110ca3ad4dd27b4
  category: main
  optional: false
- name: libexpat
  version: 2.8.1
  manager: conda
  platform: linux-64
  dependencies:
    __glibc: '>=2.17,<3.0.a0'
    libgcc: '>=14'
  url: https://conda.anaconda.org/conda-forge/linux-64/libexpat-2.8.1-hecca717_1.conda
  hash:
    md5: b24d3c612f71e7aa74158d92106318b2
    sha256: 16feffd9ddbbe5b718515d38ee376c685ba95491cd901244e24671d20b952a77
  category: main
  optional: false
- name: libffi
  version: 3.5.2
  manager: conda
  platform: linux-64
  dependencies:
    __glibc: '>=2.17,<3.0.a0'
    libgcc: '>=14'
  url: https://conda.anaconda.org/conda-forge/linux-64/libffi-3.5.2-h3435931_0.conda
  hash:
    md5: a360c33a5abe61c07959e449fa1453eb
    sha256: 31f19b6a88ce40ebc0d5a992c131f57d919f73c0b92cd1617a5bec83f6e961e6
  category: main
  optional: false
- name: libgcc
  version: 15.2.0
  manager: conda
  platform: linux-64
  dependencies:
    __glibc: '>=2.17,<3.0.a0'
    _openmp_mutex: '>=4.5'
  url: https://conda.anaconda.org/conda-forge/linux-64/libgcc-15.2.0-he0feb66_19.conda
  hash:
    md5: 57736f29cc2b0ec0b6c2952d3f101b6a
    sha256: 8e0a3b5e41272e5678499b5dfc4cddb673f9e935de01eb0767ce857001229f46
  category: main
  optional: false
- name: libgcc-ng
  version: 15.2.0
  manager: conda
  platform: linux-64
  dependencies:
    libgcc: 15.2.0
  url: https://conda.anaconda.org/conda-forge/linux-64/libgcc-ng-15.2.0-h69a702a_19.conda
  hash:
    md5: 331ee9b72b9dff570d56b1302c5ab37d
    sha256: 9dcf54adfaa5e861123c2da4f2f0451a685464ea7e5a41ad91cf67b31d658d98
  category: main
  optional: false
- name: libgfortran
  version: 15.2.0
  manager: conda
  platform: linux-64
  dependencies:
    libgfortran5: 15.2.0
  url: https://conda.anaconda.org/conda-forge/linux-64/libgfortran-15.2.0-h69a702a_19.conda
  hash:
    md5: 42bf7eca1a951735fa06c0e3c0d5c8e6
    sha256: 561a42758ef25b9ce308c4e2cf56daee4f06138385a17e29a492cd928e00be6f
  category: main
  optional: false
- name: libgfortran-ng
  version: 15.2.0
  manager: conda
  platform: linux-64
  dependencies:
    libgfortran: 15.2.0
  url: https://conda.anaconda.org/conda-forge/linux-64/libgfortran-ng-15.2.0-h69a702a_19.conda
  hash:
    md5: 35d07243abf828674d273aecd1dd537e
    sha256: 9ca1d254a3e44e608abec6186b18d372cec21e5253e6da9750f4a8f4780ea0bb
  category: main
  optional: false
- name: libgfortran5
  version: 15.2.0
  manager: conda
  platform: linux-64
  dependencies:
    __glibc: '>=2.17,<3.0.a0'
    libgcc: '>=15.2.0'
  url: https://conda.anaconda.org/conda-forge/linux-64/libgfortran5-15.2.0-h68bc16d_19.conda
  hash:
    md5: 85072b0ad177c966294f129b7c04a2d5
    sha256: 057978bb69fea29ed715a9b98adf71015c31baecc4aeb2bfc20d4fd5d83579d4
  category: main
  optional: false
- name: libgomp
  version: 15.2.0
  manager: conda
  platform: linux-64
  dependencies:
    __glibc: '>=2.17,<3.0.a0'
  url: https://conda.anaconda.org/conda-forge/linux-64/libgomp-15.2.0-he0feb66_19.conda
  hash:
    md5: faac990cb7aedc7f3a2224f2c9b0c26c
    sha256: 5abe4ab9d93f6c9757d654f1969ae2267d4505315c1f2f8fe705fd60af084f1b
  category: main
  optional: false
- name: libidn2
  version: 2.3.8
  manager: conda
  platform: linux-64
  dependencies:
    __glibc: '>=2.17,<3.0.a0'
    libgcc: '>=14'
    libunistring: '>=0,<1.0a0'
  url: https://conda.anaconda.org/conda-forge/linux-64/libidn2-2.3.8-hfac485b_1.conda
  hash:
    md5: 842a81de672ddcf476337c8bde3cad33
    sha256: cc38c900b9a20fe75e61cbb594e749c57a06d96510722f5ddfa309682062b065
  category: main
  optional: false
- name: liblapack
  version: 3.11.0
  manager: conda
  platform: linux-64
  dependencies:
    libblas: 3.11.0
  url: https://conda.anaconda.org/conda-forge/linux-64/liblapack-3.11.0-8_h47877c9_openblas.conda
  hash:
    md5: 809be8ba8712c77bc7d44c2d99390dc4
    sha256: 168e327d737059553e15cc6ec36d76b9bbb3931c2a7721555fd68b4c9348b247
  category: main
  optional: false
- name: liblzma
  version: 5.8.3
  manager: conda
  platform: linux-64
  dependencies:
    __glibc: '>=2.17,<3.0.a0'
    libgcc: '>=14'
  url: https://conda.anaconda.org/conda-forge/linux-64/liblzma-5.8.3-hb03c661_0.conda
  hash:
    md5: b88d90cad08e6bc8ad540cb310a761fb
    sha256: ec30e52a3c1bf7d0425380a189d209a52baa03f22fb66dd3eb587acaa765bd6d
  category: main
  optional: false
- name: libnghttp2
  version: 1.68.1
  manager: conda
  platform: linux-64
  dependencies:
    __glibc: '>=2.17,<3.0.a0'
    c-ares: '>=1.34.6,<2.0a0'
    libev: '>=4.33,<4.34.0a0,>=4.33,<5.0a0'
    libgcc: '>=14'
    libstdcxx: '>=14'
    libzlib: '>=1.3.1,<2.0a0'
    openssl: '>=3.5.5,<4.0a0'
  url: https://conda.anaconda.org/conda-forge/linux-64/libnghttp2-1.68.1-h877daf1_0.conda
  hash:
    md5: 2a45e7f8af083626f009645a6481f12d
    sha256: 663444d77a42f2265f54fb8b48c5450bfff4388d9c0f8253dd7855f0d993153f
  category: main
  optional: false
- name: libnsl
  version: 2.0.1
  manager: conda
  platform: linux-64
  dependencies:
    __glibc: '>=2.17,<3.0.a0'
    libgcc: '>=13'
  url: https://conda.anaconda.org/conda-forge/linux-64/libnsl-2.0.1-hb9d3cd8_1.conda
  hash:
    md5: d864d34357c3b65a4b731f78c0801dc4
    sha256: 927fe72b054277cde6cb82597d0fcf6baf127dcbce2e0a9d8925a68f1265eef5
  category: main
  optional: false
- name: libopenblas
  version: 0.3.33
  manager: conda
  platform: linux-64
  dependencies:
    __glibc: '>=2.17,<3.0.a0'
    libgcc: '>=14'
    libgfortran: ''
    libgfortran5: '>=14.3.0'
  url: https://conda.anaconda.org/conda-forge/linux-64/libopenblas-0.3.33-pthreads_h94d23a6_0.conda
  hash:
    md5: 2d3278b721e40468295ca755c3b84070
    sha256: 3d9aa85648e5e18a6d66db98b8c4317cc426721ad7a220aa86330d1ccedc8903
  category: main
  optional: false
- name: libpsl
  version: 0.22.0
  manager: conda
  platform: linux-64
  dependencies:
    __glibc: '>=2.17,<3.0.a0'
    icu: '>=78.3,<79.0a0'
    libgcc: '>=14'
    libstdcxx: '>=14'
  url: https://conda.anaconda.org/conda-forge/linux-64/libpsl-0.22.0-h49b2146_1.conda
  hash:
    md5: af5ddfb52ad25d833c70c7511478d4eb
    sha256: 71118885feab91c61bea4e9532ec46e0653b24f02e563681f822915aee8435bb
  category: main
  optional: false
- name: libsqlite
  version: 3.53.3
  manager: conda
  platform: linux-64
  dependencies:
    __glibc: '>=2.17,<3.0.a0'
    libgcc: '>=14'
    libzlib: '>=1.3.2,<2.0a0'
  url: https://conda.anaconda.org/conda-forge/linux-64/libsqlite-3.53.3-h0c1763c_0.conda
  hash:
    md5: 4aed8e657e9ff156bdbe849b4df44389
    sha256: 365376f4815e5e80def2b3462a2419708b7c292da0da85278386c2618621fff4
  category: main
  optional: false
- name: libssh2
  version: 1.11.1
  manager: conda
  platform: linux-64
  dependencies:
    __glibc: '>=2.17,<3.0.a0'
    libgcc: '>=13'
    libzlib: '>=1.3.1,<2.0a0'
    openssl: '>=3.5.0,<4.0a0'
  url: https://conda.anaconda.org/conda-forge/linux-64/libssh2-1.11.1-hcf80075_0.conda
  hash:
    md5: eecce068c7e4eddeb169591baac20ac4
    sha256: fa39bfd69228a13e553bd24601332b7cfeb30ca11a3ca50bb028108fe90a7661
  category: main
  optional: false
- name: libstdcxx
  version: 15.2.0
  manager: conda
  platform: linux-64
  dependencies:
    __glibc: '>=2.17,<3.0.a0'
    libgcc: 15.2.0
  url: https://conda.anaconda.org/conda-forge/linux-64/libstdcxx-15.2.0-h934c35e_19.conda
  hash:
    md5: 5794b3bdc38177caf969dabd3af08549
    sha256: dff1058c76ec6b8759e41cefa2508162d00e4a5e6721aa68ec3fd10094e702dc
  category: main
  optional: false
- name: libstdcxx-ng
  version: 15.2.0
  manager: conda
  platform: linux-64
  dependencies:
    libstdcxx: 15.2.0
  url: https://conda.anaconda.org/conda-forge/linux-64/libstdcxx-ng-15.2.0-hdf11a46_19.conda
  hash:
    md5: e5ce228e579726c07255dbf90dc62101
    sha256: 0672b6b6e1791c92e8eccad58081a99d614fcf82bca5841f9dfa3c3e658f83b9
  category: main
  optional: false
- name: libunistring
  version: 0.9.10
  manager: conda
  platform: linux-64
  dependencies:
    libgcc-ng: '>=9.3.0'
  url: https://conda.anaconda.org/conda-forge/linux-64/libunistring-0.9.10-h7f98852_0.tar.bz2
  hash:
    md5: 7245a044b4a1980ed83196176b78b73a
    sha256: e88c45505921db29c08df3439ddb7f771bbff35f95e7d3103bf365d5d6ce2a6d
  category: main
  optional: false
- name: libuuid
  version: 2.42.2
  manager: conda
  platform: linux-64
  dependencies:
    __glibc: '>=2.17,<3.0.a0'
    libgcc: '>=14'
  url: https://conda.anaconda.org/conda-forge/linux-64/libuuid-2.42.2-h5347b49_0.conda
  hash:
    md5: 01bb81d12c957de066ea7362007df642
    sha256: 9b1bdce27a7e31f7d241aeecff67a1f3101d52a2b1e33ccc2cdf2613072bf81f
  category: main
  optional: false
- name: libxcrypt
  version: 4.4.36
  manager: conda
  platform: linux-64
  dependencies:
    libgcc-ng: '>=12'
  url: https://conda.anaconda.org/conda-forge/linux-64/libxcrypt-4.4.36-hd590300_1.conda
  hash:
    md5: 5aa797f8787fe7a17d1b0821485b5adc
    sha256: 6ae68e0b86423ef188196fff6207ed0c8195dd84273cb5623b85aa08033a410c
  category: main
  optional: false
- name: libzlib
  version: 1.3.2
  manager: conda
  platform: linux-64
  dependencies:
    __glibc: '>=2.17,<3.0.a0'
  url: https://conda.anaconda.org/conda-forge/linux-64/libzlib-1.3.2-h25fd6f3_2.conda
  hash:
    md5: d87ff7921124eccd67248aa483c23fec
    sha256: 55044c403570f0dc26e6364de4dc5368e5f3fc7ff103e867c487e2b5ab2bcda9
  category: main
  optional: false
- name: mpi
  version: '1.0'
  manager: conda
  platform: linux-64
  dependencies: {}
  url: https://conda.anaconda.org/conda-forge/linux-64/mpi-1.0-openmpi.tar.bz2
  hash:
    md5: 1dcc49e16749ff79ba2194fa5d4ca5e7
    sha256: 54cf44ee2c122bce206f834a825af06e3b14fc4fd58c968ae9329715cc281d1e
  category: main
  optional: false
- name: ncbi-vdb
  version: 3.4.1
  manager: conda
  platform: linux-64
  dependencies:
    libgcc: '>=14'
    libstdcxx: '>=14'
  url: https://conda.anaconda.org/bioconda/linux-64/ncbi-vdb-3.4.1-hd63eeec_0.conda
  hash:
    md5: 70de9f284c305131b458cf69676f1b2f
    sha256: 1c876e74214ef7269de12286e1b9b370e3167c0825d215de3b81bf46f3956072
  category: main
  optional: false
- name: ncurses
  version: '6.6'
  manager: conda
  platform: linux-64
  dependencies:
    __glibc: '>=2.17,<3.0.a0'
    libgcc: '>=14'
  url: https://conda.anaconda.org/conda-forge/linux-64/ncurses-6.6-hdb14827_0.conda
  hash:
    md5: fc21868a1a5aacc937e7a18747acb8a5
    sha256: fc89f74bbe362fb29fa3c037697a89bec140b346a2469a90f7936d1d7ea4d8a3
  category: main
  optional: false
- name: numpy
  version: 2.5.1
  manager: conda
  platform: linux-64
  dependencies:
    __glibc: '>=2.17,<3.0.a0'
    libblas: '>=3.9.0,<4.0a0'
    libcblas: '>=3.9.0,<4.0a0'
    libgcc: '>=14'
    liblapack: '>=3.9.0,<4.0a0'
    libstdcxx: '>=14'
    python: ''
    python_abi: 3.12.*
  url: https://conda.anaconda.org/conda-forge/linux-64/numpy-2.5.1-py312h33ff503_0.conda
  hash:
    md5: 3b7525d598ec0d0365ebd2378160a02f
    sha256: 2941c4a5fee88fe1c91c0d95b65e3a292d078f6655b53ff60f4813a44349c83e
  category: main
  optional: false
- name: openmpi
  version: 4.1.6
  manager: conda
  platform: linux-64
  dependencies:
    libgcc-ng: '>=12'
    libgfortran-ng: ''
    libgfortran5: '>=12.3.0'
    libstdcxx-ng: '>=12'
    libzlib: '>=1.2.13,<2.0.0a0'
    mpi: '1.0'
    zlib: ''
  url: https://conda.anaconda.org/conda-forge/linux-64/openmpi-4.1.6-hc5af2df_101.conda
  hash:
    md5: f9a2ad0088ee38f396350515fa37d243
    sha256: f0769dd891e1735be4606ec8643951e5cbca199f774e58c7d933f70a70134ce4
  category: main
  optional: false
- name: openssl
  version: 3.6.3
  manager: conda
  platform: linux-64
  dependencies:
    __glibc: '>=2.17,<3.0.a0'
    ca-certificates: ''
    libgcc: '>=14'
  url: https://conda.anaconda.org/conda-forge/linux-64/openssl-3.6.3-h35e630c_0.conda
  hash:
    md5: 79dd2074b5cd5c5c6b2930514a11e22d
    sha256: d48f5c22b9897c01e4dff3680f1f57ceb02711ab9c62f74339b080419dfad34b
  category: main
  optional: false
- name: pcre2
  version: '10.47'
  manager: conda
  platform: linux-64
  dependencies:
    __glibc: '>=2.17,<3.0.a0'
    bzip2: '>=1.0.8,<2.0a0'
    libgcc: '>=14'
    libzlib: '>=1.3.1,<2.0a0'
  url: https://conda.anaconda.org/conda-forge/linux-64/pcre2-10.47-haa7fec5_0.conda
  hash:
    md5: 7a3bff861a6583f1889021facefc08b1
    sha256: 5e6f7d161356fefd981948bea5139c5aa0436767751a6930cb1ca801ebb113ff
  category: main
  optional: false
- name: perl
  version: 5.32.1
  manager: conda
  platform: linux-64
  dependencies:
    libgcc-ng: '>=12'
    libxcrypt: '>=4.4.36'
  url: https://conda.anaconda.org/conda-forge/linux-64/perl-5.32.1-7_hd590300_perl5.conda
  hash:
    md5: f2cfec9406850991f4e3d960cc9e3321
    sha256: 9ec32b6936b0e37bcb0ed34f22ec3116e75b3c0964f9f50ecea5f58734ed6ce9
  category: main
  optional: false
- name: perl-archive-tar
  version: '3.12'
  manager: conda
  platform: linux-64
  dependencies:
    perl: '>=5.32.1,<6.0a0'
    perl-io-compress: ''
    perl-io-zlib: ''
    perl-pathtools: ''
  url: https://conda.anaconda.org/bioconda/noarch/perl-archive-tar-3.12-pl5321hdfd78af_0.conda
  hash:
    md5: 4ee2727440bf9b0b055c1f17a72701f6
    sha256: fb56a9489a87fc238fc70da7a2329495204eec30f7a5f5af1014a6fb22b528f4
  category: main
  optional: false
- name: perl-carp
  version: '1.50'
  manager: conda
  platform: linux-64
  dependencies:
    perl: '>=5.32.1,<6.0a0'
    perl-exporter: ''
    perl-extutils-makemaker: ''
  url: https://conda.anaconda.org/conda-forge/noarch/perl-carp-1.50-pl5321hd8ed1ab_0.tar.bz2
  hash:
    md5: bdddc03e28019b902da71b722f2288d7
    sha256: 1981e31113e1e77a2cdc13db657c636f047cd3be2a64d9a0bffac03c5427c1bd
  category: main
  optional: false
- name: perl-common-sense
  version: '3.75'
  manager: conda
  platform: linux-64
  dependencies:
    perl: '>=5.32.1,<6.0a0'
  url: https://conda.anaconda.org/conda-forge/noarch/perl-common-sense-3.75-pl5321hd8ed1ab_0.tar.bz2
  hash:
    md5: ef70dc77e8b10bbb62f5e843b401ef0e
    sha256: 38ef218e9b9d55b9fbdce6b31cf81bcf6f1b16f21b8e7cb9279b41399522a320
  category: main
  optional: false
- name: perl-compress-raw-bzip2
  version: '2.214'
  manager: conda
  platform: linux-64
  dependencies:
    __glibc: '>=2.17,<3.0.a0'
    libgcc: '>=14'
    perl: '>=5.32.1,<5.33.0a0'
  url: https://conda.anaconda.org/conda-forge/linux-64/perl-compress-raw-bzip2-2.214-pl5321hda65f42_0.conda
  hash:
    md5: 1ec33b9f74a71c17cc5579e35027832a
    sha256: 2cbd3fcb7028415654057ab3142cee1e5cc4cf9bdd0e590f072e8ecd29cb6382
  category: main
  optional: false
- name: perl-compress-raw-zlib
  version: '2.214'
  manager: conda
  platform: linux-64
  dependencies:
    __glibc: '>=2.17,<3.0.a0'
    libgcc: '>=14'
    perl: '>=5.32.1,<5.33.0a0'
  url: https://conda.anaconda.org/conda-forge/linux-64/perl-compress-raw-zlib-2.214-pl5321h4dac143_0.conda
  hash:
    md5: 943e7033e6f709adf0d89a3af51ab81b
    sha256: 4fd3a11f8dbd2c9d1a1c5547e344ad20412a3f0d36967502d9764e1b2734dd47
  category: main
  optional: false
- name: perl-encode
  version: '3.24'
  manager: conda
  platform: linux-64
  dependencies:
    __glibc: '>=2.17,<3.0.a0'
    libgcc: '>=14'
    perl: '>=5.32.1,<5.33.0a0'
    perl-exporter: ''
    perl-parent: ''
    perl-storable: ''
  url: https://conda.anaconda.org/conda-forge/linux-64/perl-encode-3.24-pl5321hb03c661_0.conda
  hash:
    md5: 35776d4c5766e9d98754d1e7530c2961
    sha256: c83d8de38ce43ca15af05f76bc933ff76894aef84baed47300e463dae0c11857
  category: main
  optional: false
- name: perl-exporter
  version: '5.74'
  manager: conda
  platform: linux-64
  dependencies:
    perl: '>=5.32.1,<6.0a0'
  url: https://conda.anaconda.org/conda-forge/noarch/perl-exporter-5.74-pl5321hd8ed1ab_0.tar.bz2
  hash:
    md5: fd2eac4e35f8c970870a3961c1df3e29
    sha256: 42271d0b79043a10a89044acb5febea50046b745dd2fc37e02943bc3bc75bf8e
  category: main
  optional: false
- name: perl-exporter-tiny
  version: '1.002002'
  manager: conda
  platform: linux-64
  dependencies:
    perl: '>=5.32.1,<6.0a0'
  url: https://conda.anaconda.org/conda-forge/noarch/perl-exporter-tiny-1.002002-pl5321hd8ed1ab_0.tar.bz2
  hash:
    md5: 48d709826875be1f2c108d3d1d8efec7
    sha256: abdf86828a12a389d0feb0d70501b267842557bae11820e266526aeb6ab2bebe
  category: main
  optional: false
- name: perl-extutils-makemaker
  version: '7.70'
  manager: conda
  platform: linux-64
  dependencies:
    perl: '>=5.32.1,<6.0a0'
  url: https://conda.anaconda.org/conda-forge/noarch/perl-extutils-makemaker-7.70-pl5321hd8ed1ab_0.conda
  hash:
    md5: ec3e57ed34f7765bfc7054a05868ce5d
    sha256: 1d3f342ca74cf2948c3edcfe0d3367b1db0fc64bb163393a2e025336dec3a40c
  category: main
  optional: false
- name: perl-io-compress
  version: '2.216'
  manager: conda
  platform: linux-64
  dependencies:
    libgcc: '>=13'
    libstdcxx: '>=13'
    perl: '>=5.32.1,<5.33.0a0'
    perl-compress-raw-bzip2: '>=2.214'
    perl-compress-raw-zlib: '>=2.214'
    perl-encode: ''
    perl-scalar-list-utils: ''
  url: https://conda.anaconda.org/bioconda/linux-64/perl-io-compress-2.216-pl5321h503566f_0.conda
  hash:
    md5: 0784cb3c120f934a5fe61961c8238330
    sha256: 5241c33cf55ba0cbfc0ccab96b4a31123761db00310eab4fedd7a95226c4fca7
  category: main
  optional: false
- name: perl-io-zlib
  version: '1.15'
  manager: conda
  platform: linux-64
  dependencies:
    perl: '>=5.32.1,<6.0a0'
  url: https://conda.anaconda.org/bioconda/noarch/perl-io-zlib-1.15-pl5321hdfd78af_1.tar.bz2
  hash:
    md5: db92645dabe9467115729e4479841b5d
    sha256: 771a44b338cac68a22893897450222b886e24bbb291b014897d561f2ba3b588f
  category: main
  optional: false
- name: perl-json
  version: '4.11'
  manager: conda
  platform: linux-64
  dependencies:
    perl: '>=5.32.1,<6.0a0'
    perl-json-xs: ''
  url: https://conda.anaconda.org/bioconda/noarch/perl-json-4.11-pl5321hdfd78af_0.conda
  hash:
    md5: 56411755d21870a9ec16c76fd7b66dba
    sha256: 1c1649f491c76f4ae2984b547701df91c8abfda2e3b7b44e0c007f5e78a87c08
  category: main
  optional: false
- name: perl-json-xs
  version: '4.04'
  manager: conda
  platform: linux-64
  dependencies:
    libgcc: '>=13'
    libstdcxx: '>=13'
    perl: '>=5.32.1,<5.33.0a0'
    perl-common-sense: ''
    perl-types-serialiser: ''
  url: https://conda.anaconda.org/bioconda/linux-64/perl-json-xs-4.04-pl5321h9948957_0.conda
  hash:
    md5: 7916b2e794393b3389535ba750f489da
    sha256: f16cf35917a5d75fb55cfc69d8651dc72ff4e06370142b447a4864f5de7d97c6
  category: main
  optional: false
- name: perl-list-moreutils
  version: '0.430'
  manager: conda
  platform: linux-64
  dependencies:
    perl: '>=5.32.1,<6.0a0'
    perl-exporter-tiny: ''
    perl-list-moreutils-xs: '>=0.430'
  url: https://conda.anaconda.org/bioconda/noarch/perl-list-moreutils-0.430-pl5321hdfd78af_0.tar.bz2
  hash:
    md5: 7f04c79d216d0f8e7b6d5a51de4aafa0
    sha256: 2190cc8430bb218ea80f5fc5e2bf75e4e20a27fb83e8c3cb789a18c32854a56c
  category: main
  optional: false
- name: perl-list-moreutils-xs
  version: '0.430'
  manager: conda
  platform: linux-64
  dependencies:
    libgcc: '>=13'
    perl: '>=5.32.1,<5.33.0a0'
  url: https://conda.anaconda.org/bioconda/linux-64/perl-list-moreutils-xs-0.430-pl5321h7b50bb2_5.tar.bz2
  hash:
    md5: 9192770eb08524038c3fcf24e915b10c
    sha256: fe2d360770fe5b856ee1e625eac6b07cea386c64b0866e323c6535eb62b9ceee
  category: main
  optional: false
- name: perl-parent
  version: '0.243'
  manager: conda
  platform: linux-64
  dependencies:
    perl: '>=5.32.1,<6.0a0'
  url: https://conda.anaconda.org/conda-forge/noarch/perl-parent-0.243-pl5321hd8ed1ab_0.conda
  hash:
    md5: 314caa3b72d65f8078d426c6721dcacc
    sha256: ec57d9e56ba86d840d5a9e65c665365fb6a290851cd13e6719628f3295eabf34
  category: main
  optional: false
- name: perl-pathtools
  version: '3.75'
  manager: conda
  platform: linux-64
  dependencies:
    __glibc: '>=2.17,<3.0.a0'
    libgcc: '>=13'
    perl: '>=5.32.1,<5.33.0a0'
    perl-carp: ''
  url: https://conda.anaconda.org/conda-forge/linux-64/perl-pathtools-3.75-pl5321hb9d3cd8_2.conda
  hash:
    md5: 03d88c89dfac8a26adcdeff242f94007
    sha256: a80bc265aa749ae03fdd6d5f2098312ea6f43cc193ea7aba0e6e4304d84ce8c0
  category: main
  optional: false
- name: perl-scalar-list-utils
  version: '1.70'
  manager: conda
  platform: linux-64
  dependencies:
    __glibc: '>=2.17,<3.0.a0'
    libgcc: '>=14'
    perl: '>=5.32.1,<5.33.0a0'
  url: https://conda.anaconda.org/conda-forge/linux-64/perl-scalar-list-utils-1.70-pl5321hb03c661_0.conda
  hash:
    md5: 046486011bf7674e3c2f2a1513ac4f3d
    sha256: 00678b34a57df53fa31585ff1579f42a6dfc8b1b059fd1b386c6e89573959a9f
  category: main
  optional: false
- name: perl-storable
  version: '3.15'
  manager: conda
  platform: linux-64
  dependencies:
    __glibc: '>=2.17,<3.0.a0'
    libgcc: '>=13'
    perl: '>=5.32.1,<5.33.0a0'
  url: https://conda.anaconda.org/conda-forge/linux-64/perl-storable-3.15-pl5321hb9d3cd8_2.conda
  hash:
    md5: 212f63a5c7c753ecf0a74c349b9270c5
    sha256: 25beba40154a394189d0ff2afd31683d79c9106d47e77e12d20900d053dffaf6
  category: main
  optional: false
- name: perl-types-serialiser
  version: '1.01'
  manager: conda
  platform: linux-64
  dependencies:
    perl: '>=5.32.1,<6.0a0'
    perl-common-sense: ''
  url: https://conda.anaconda.org/bioconda/noarch/perl-types-serialiser-1.01-pl5321hdfd78af_0.tar.bz2
  hash:
    md5: cfc65753e827bbef80c00eaa395f6ae7
    sha256: 20f61217b16235d0161ad6fa0a234585afcc04ec5a6142c65b5867e26216dfe3
  category: main
  optional: false
- name: python
  version: 3.12.13
  manager: conda
  platform: linux-64
  dependencies:
    __glibc: '>=2.17,<3.0.a0'
    bzip2: '>=1.0.8,<2.0a0'
    ld_impl_linux-64: '>=2.36.1'
    libexpat: '>=2.7.4,<3.0a0'
    libffi: '>=3.5.2,<3.6.0a0'
    libgcc: '>=14'
    liblzma: '>=5.8.2,<6.0a0'
    libnsl: '>=2.0.1,<2.1.0a0'
    libsqlite: '>=3.51.2,<4.0a0'
    libuuid: '>=2.41.3,<3.0a0'
    libxcrypt: '>=4.4.36'
    libzlib: '>=1.3.1,<2.0a0'
    ncurses: '>=6.5,<7.0a0'
    openssl: '>=3.5.5,<4.0a0'
    readline: '>=8.3,<9.0a0'
    tk: '>=8.6.13,<8.7.0a0'
    tzdata: ''
  url: https://conda.anaconda.org/conda-forge/linux-64/python-3.12.13-hd63d673_0_cpython.conda
  hash:
    md5: 7eccb41177e15cc672e1babe9056018e
    sha256: a44655c1c3e1d43ed8704890a91e12afd68130414ea2c0872e154e5633a13d7e
  category: main
  optional: false
- name: python_abi
  version: '3.12'
  manager: conda
  platform: linux-64
  dependencies: {}
  url: https://conda.anaconda.org/conda-forge/noarch/python_abi-3.12-8_cp312.conda
  hash:
    md5: c3efd25ac4d74b1584d2f7a57195ddf1
    sha256: 80677180dd3c22deb7426ca89d6203f1c7f1f256f2d5a94dc210f6e758229809
  category: main
  optional: false
- name: readline
  version: '8.3'
  manager: conda
  platform: linux-64
  dependencies:
    __glibc: '>=2.17,<3.0.a0'
    libgcc: '>=14'
    ncurses: '>=6.5,<7.0a0'
  url: https://conda.anaconda.org/conda-forge/linux-64/readline-8.3-h853b02a_0.conda
  hash:
    md5: d7d95fc8287ea7bf33e0e7116d2b95ec
    sha256: 12ffde5a6f958e285aa22c191ca01bbd3d6e710aa852e00618fa6ddc59149002
  category: main
  optional: false
- name: tk
  version: 8.6.13
  manager: conda
  platform: linux-64
  dependencies:
    __glibc: '>=2.17,<3.0.a0'
    libgcc: '>=14'
    libzlib: '>=1.3.2,<2.0a0'
  url: https://conda.anaconda.org/conda-forge/linux-64/tk-8.6.13-noxft_hd70dff1_3.conda
  hash:
    md5: 48a1049e710857572fc2a832aa394d9f
    sha256: 43624eab22f5f29df7d6ffe914cf442f28fd559b55b290906255492826e636e8
  category: main
  optional: false
- name: tzdata
  version: 2026c
  manager: conda
  platform: linux-64
  dependencies: {}
  url: https://conda.anaconda.org/conda-forge/noarch/tzdata-2026c-h151e31d_0.conda
  hash:
    md5: fcb489df604d100968b737f2cb6076c6
    sha256: b928c30ddcb0e3f544c6eade8352737e6e610e263276b90232db6a578ef899d8
  category: main
  optional: false
- name: wget
  version: 1.25.0
  manager: conda
  platform: linux-64
  dependencies:
    __glibc: '>=2.17,<3.0.a0'
    libgcc: '>=14'
    libidn2: '>=2,<3.0a0'
    libunistring: '>=0,<1.0a0'
    libzlib: '>=1.3.1,<2.0a0'
    openssl: '>=3.5.5,<4.0a0'
    pcre2: '>=10.47,<10.48.0a0'
    zlib: ''
  url: https://conda.anaconda.org/conda-forge/linux-64/wget-1.25.0-h653f8fd_1.conda
  hash:
    md5: 3b97a15e7345c7f6c51bb57bffad7c93
    sha256: 66a5a05e0e44fd7a57e24d77665d5d6672646a7b316575b2f679108966d9124e
  category: main
  optional: false
- name: zlib
  version: 1.3.2
  manager: conda
  platform: linux-64
  dependencies:
    __glibc: '>=2.17,<3.0.a0'
    libzlib: 1.3.2
  url: https://conda.anaconda.org/conda-forge/linux-64/zlib-1.3.2-h25fd6f3_2.conda
  hash:
    md5: c2a01a08fc991620a74b32420e97868a
    sha256: 245c9ee8d688e23661b95e3c6dd7272ca936fabc03d423cdb3cdee1bbcf9f2f2
  category: main
  optional: false
- name: zstd
  version: 1.5.7
  manager: conda
  platform: linux-64
  dependencies:
    __glibc: '>=2.17,<3.0.a0'
    libzlib: '>=1.3.1,<2.0a0'
  url: https://conda.anaconda.org/conda-forge/linux-64/zstd-1.5.7-hb78ec9c_6.conda
  hash:
    md5: 4a13eeac0b5c8e5b8ab496e6c4ddd829
    sha256: 68f0206ca6e98fea941e5717cec780ed2873ffabc0e1ed34428c061e2c6268c7
  category: main
  optional: false
